
Microsoft Visual Studio Solution File, Format Version 12.00
# Visual Studio Version 16
VisualStudioVersion = 16.0.31205.134
MinimumVisualStudioVersion = 10.0.40219.1
Project("{FAE04EC0-301F-11D3-BF4B-00C04F79EFBC}") = "WebAPI", "WebAPI\WebAPI.csproj", "{A9FB99E5-2CA7-4FD3-B26C-751DB5C59243}"
EndProject
Global
	GlobalSection(SolutionConfigurationPlatforms) = preSolution
		Debug|Any CPU = Debug|Any CPU
		Release|Any CPU = Release|Any CPU
	EndGlobalSection
	GlobalSection(ProjectConfigurationPlatforms) = postSolution
		{A9FB99E5-2CA7-4FD3-B26C-751DB5C59243}.Debug|Any CPU.ActiveCfg = Debug|Any CPU
		{A9FB99E5-2CA7-4FD3-B26C-751DB5C59243}.Debug|Any CPU.Build.0 = Debug|Any CPU
		{A9FB99E5-2CA7-4FD3-B26C-751DB5C59243}.Release|Any CPU.ActiveCfg = Release|Any CPU
		{A9FB99E5-2CA7-4FD3-B26C-751DB5C59243}.Release|Any CPU.Build.0 = Release|Any CPU
	EndGlobalSection
	GlobalSection(SolutionProperties) = preSolution
		HideSolutionNode = FALSE
	EndGlobalSection
	GlobalSection(ExtensibilityGlobals) = postSolution
		SolutionGuid = {0D4E89C9-3280-4743-814B-8C2B2E7E9DAA}
	EndGlobalSection
EndGlobal
